
Microsoft Visual Studio Solution File, Format Version 12.00
# Visual Studio Version 17
VisualStudioVersion = 17.3.32819.101
MinimumVisualStudioVersion = 10.0.40219.1
Project("{FAE04EC0-301F-11D3-BF4B-00C04F79EFBC}") = "sistema_gestion_discos", "sistema_gestion_discos\sistema_gestion_discos.csproj", "{09C2B6B7-9887-47FC-BEBD-8360E3E96AA6}"
EndProject
Global
	GlobalSection(SolutionConfigurationPlatforms) = preSolution
		Debug|Any CPU = Debug|Any CPU
		Release|Any CPU = Release|Any CPU
	EndGlobalSection
	GlobalSection(ProjectConfigurationPlatforms) = postSolution
		{09C2B6B7-9887-47FC-BEBD-8360E3E96AA6}.Debug|Any CPU.ActiveCfg = Debug|Any CPU
		{09C2B6B7-9887-47FC-BEBD-8360E3E96AA6}.Debug|Any CPU.Build.0 = Debug|Any CPU
		{09C2B6B7-9887-47FC-BEBD-8360E3E96AA6}.Release|Any CPU.ActiveCfg = Release|Any CPU
		{09C2B6B7-9887-47FC-BEBD-8360E3E96AA6}.Release|Any CPU.Build.0 = Release|Any CPU
	EndGlobalSection
	GlobalSection(SolutionProperties) = preSolution
		HideSolutionNode = FALSE
	EndGlobalSection
	GlobalSection(ExtensibilityGlobals) = postSolution
		SolutionGuid = {74A6AEE4-911F-4899-A2E2-665C13E845EF}
	EndGlobalSection
EndGlobal
